
Microsoft Visual Studio Solution File, Format Version 12.00
# Visual Studio Version 17
VisualStudioVersion = 17.0.32014.148
MinimumVisualStudioVersion = 10.0.40219.1
Project("{FAE04EC0-301F-11D3-BF4B-00C04F79EFBC}") = "VS2022XamarinForms.UWP", "VS2022XamarinForms.UWP\VS2022XamarinForms.UWP.csproj", "{0F236284-3036-45A5-BEBC-FB600239BB6F}"
EndProject
Project("{FAE04EC0-301F-11D3-BF4B-00C04F79EFBC}") = "VS2022XamarinForms.Android", "VS2022XamarinForms.Android\VS2022XamarinForms.Android.csproj", "{500EC922-9541-4F0C-8496-A0875F7129E1}"
EndProject
Project("{FAE04EC0-301F-11D3-BF4B-00C04F79EFBC}") = "VS2022XamarinForms.iOS", "VS2022XamarinForms.iOS\VS2022XamarinForms.iOS.csproj", "{D39A23B1-BE71-4BB4-9CC1-E8D0337D67BA}"
EndProject
Project("{FAE04EC0-301F-11D3-BF4B-00C04F79EFBC}") = "VS2022XamarinForms", "VS2022XamarinForms\VS2022XamarinForms.csproj", "{7A134FCF-C1C2-4C96-8135-B3BF5B0D9A1D}"
EndProject
Global
	GlobalSection(SolutionConfigurationPlatforms) = preSolution
		Debug|Any CPU = Debug|Any CPU
		Debug|ARM = Debug|ARM
		Debug|iPhone = Debug|iPhone
		Debug|iPhoneSimulator = Debug|iPhoneSimulator
		Debug|x64 = Debug|x64
		Debug|x86 = Debug|x86
		Release|Any CPU = Release|Any CPU
		Release|ARM = Release|ARM
		Release|iPhone = Release|iPhone
		Release|iPhoneSimulator = Release|iPhoneSimulator
		Release|x64 = Release|x64
		Release|x86 = Release|x86
	EndGlobalSection
	GlobalSection(ProjectConfigurationPlatforms) = postSolution
		{0F236284-3036-45A5-BEBC-FB600239BB6F}.Debug|Any CPU.ActiveCfg = Debug|x64
		{0F236284-3036-45A5-BEBC-FB600239BB6F}.Debug|Any CPU.Build.0 = Debug|x64
		{0F236284-3036-45A5-BEBC-FB600239BB6F}.Debug|Any CPU.Deploy.0 = Debug|x64
		{0F236284-3036-45A5-BEBC-FB600239BB6F}.Debug|ARM.ActiveCfg = Debug|ARM
		{0F236284-3036-45A5-BEBC-FB600239BB6F}.Debug|ARM.Build.0 = Debug|ARM
		{0F236284-3036-45A5-BEBC-FB600239BB6F}.Debug|ARM.Deploy.0 = Debug|ARM
		{0F236284-3036-45A5-BEBC-FB600239BB6F}.Debug|iPhone.ActiveCfg = Debug|x64
		{0F236284-3036-45A5-BEBC-FB600239BB6F}.Debug|iPhone.Build.0 = Debug|x64
		{0F236284-3036-45A5-BEBC-FB600239BB6F}.Debug|iPhone.Deploy.0 = Debug|x64
		{0F236284-3036-45A5-BEBC-FB600239BB6F}.Debug|iPhoneSimulator.ActiveCfg = Debug|x64
		{0F236284-3036-45A5-BEBC-FB600239BB6F}.Debug|iPhoneSimulator.Build.0 = Debug|x64
		{0F236284-3036-45A5-BEBC-FB600239BB6F}.Debug|iPhoneSimulator.Deploy.0 = Debug|x64
		{0F236284-3036-45A5-BEBC-FB600239BB6F}.Debug|x64.ActiveCfg = Debug|x64
		{0F236284-3036-45A5-BEBC-FB600239BB6F}.Debug|x64.Build.0 = Debug|x64
		{0F236284-3036-45A5-BEBC-FB600239BB6F}.Debug|x64.Deploy.0 = Debug|x64
		{0F236284-3036-45A5-BEBC-FB600239BB6F}.Debug|x86.ActiveCfg = Debug|x86
		{0F236284-3036-45A5-BEBC-FB600239BB6F}.Debug|x86.Build.0 = Debug|x86
		{0F236284-3036-45A5-BEBC-FB600239BB6F}.Debug|x86.Deploy.0 = Debug|x86
		{0F236284-3036-45A5-BEBC-FB600239BB6F}.Release|Any CPU.ActiveCfg = Release|x64
		{0F236284-3036-45A5-BEBC-FB600239BB6F}.Release|Any CPU.Build.0 = Release|x64
		{0F236284-3036-45A5-BEBC-FB600239BB6F}.Release|Any CPU.Deploy.0 = Release|x64
		{0F236284-3036-45A5-BEBC-FB600239BB6F}.Release|ARM.ActiveCfg = Release|ARM
		{0F236284-3036-45A5-BEBC-FB600239BB6F}.Release|ARM.Build.0 = Release|ARM
		{0F236284-3036-45A5-BEBC-FB600239BB6F}.Release|ARM.Deploy.0 = Release|ARM
		{0F236284-3036-45A5-BEBC-FB600239BB6F}.Release|iPhone.ActiveCfg = Release|x64
		{0F236284-3036-45A5-BEBC-FB600239BB6F}.Release|iPhone.Build.0 = Release|x64
		{0F236284-3036-45A5-BEBC-FB600239BB6F}.Release|iPhone.Deploy.0 = Release|x64
		{0F236284-3036-45A5-BEBC-FB600239BB6F}.Release|iPhoneSimulator.ActiveCfg = Release|x64
		{0F236284-3036-45A5-BEBC-FB600239BB6F}.Release|iPhoneSimulator.Build.0 = Release|x64
		{0F236284-3036-45A5-BEBC-FB600239BB6F}.Release|iPhoneSimulator.Deploy.0 = Release|x64
		{0F236284-3036-45A5-BEBC-FB600239BB6F}.Release|x64.ActiveCfg = Release|x64
		{0F236284-3036-45A5-BEBC-FB600239BB6F}.Release|x64.Build.0 = Release|x64
		{0F236284-3036-45A5-BEBC-FB600239BB6F}.Release|x64.Deploy.0 = Release|x64
		{0F236284-3036-45A5-BEBC-FB600239BB6F}.Release|x86.ActiveCfg = Release|x86
		{0F236284-3036-45A5-BEBC-FB600239BB6F}.Release|x86.Build.0 = Release|x86
		{0F236284-3036-45A5-BEBC-FB600239BB6F}.Release|x86.Deploy.0 = Release|x86
		{500EC922-9541-4F0C-8496-A0875F7129E1}.Debug|Any CPU.ActiveCfg = Debug|Any CPU
		{500EC922-9541-4F0C-8496-A0875F7129E1}.Debug|Any CPU.Build.0 = Debug|Any CPU
		{500EC922-9541-4F0C-8496-A0875F7129E1}.Debug|Any CPU.Deploy.0 = Debug|Any CPU
		{500EC922-9541-4F0C-8496-A0875F7129E1}.Debug|ARM.ActiveCfg = Debug|Any CPU
		{500EC922-9541-4F0C-8496-A0875F7129E1}.Debug|ARM.Build.0 = Debug|Any CPU
		{500EC922-9541-4F0C-8496-A0875F7129E1}.Debug|ARM.Deploy.0 = Debug|Any CPU
		{500EC922-9541-4F0C-8496-A0875F7129E1}.Debug|iPhone.ActiveCfg = Debug|Any CPU
		{500EC922-9541-4F0C-8496-A0875F7129E1}.Debug|iPhone.Build.0 = Debug|Any CPU
		{500EC922-9541-4F0C-8496-A0875F7129E1}.Debug|iPhone.Deploy.0 = Debug|Any CPU
		{500EC922-9541-4F0C-8496-A0875F7129E1}.Debug|iPhoneSimulator.ActiveCfg = Debug|Any CPU
		{500EC922-9541-4F0C-8496-A0875F7129E1}.Debug|iPhoneSimulator.Build.0 = Debug|Any CPU
		{500EC922-9541-4F0C-8496-A0875F7129E1}.Debug|iPhoneSimulator.Deploy.0 = Debug|Any CPU
		{500EC922-9541-4F0C-8496-A0875F7129E1}.Debug|x64.ActiveCfg = Debug|Any CPU
		{500EC922-9541-4F0C-8496-A0875F7129E1}.Debug|x64.Build.0 = Debug|Any CPU
		{500EC922-9541-4F0C-8496-A0875F7129E1}.Debug|x64.Deploy.0 = Debug|Any CPU
		{500EC922-9541-4F0C-8496-A0875F7129E1}.Debug|x86.ActiveCfg = Debug|Any CPU
		{500EC922-9541-4F0C-8496-A0875F7129E1}.Debug|x86.Build.0 = Debug|Any CPU
		{500EC922-9541-4F0C-8496-A0875F7129E1}.Debug|x86.Deploy.0 = Debug|Any CPU
		{500EC922-9541-4F0C-8496-A0875F7129E1}.Release|Any CPU.ActiveCfg = Release|Any CPU
		{500EC922-9541-4F0C-8496-A0875F7129E1}.Release|Any CPU.Build.0 = Release|Any CPU
		{500EC922-9541-4F0C-8496-A0875F7129E1}.Release|Any CPU.Deploy.0 = Release|Any CPU
		{500EC922-9541-4F0C-8496-A0875F7129E1}.Release|ARM.ActiveCfg = Release|Any CPU
		{500EC922-9541-4F0C-8496-A0875F7129E1}.Release|ARM.Build.0 = Release|Any CPU
		{500EC922-9541-4F0C-8496-A0875F7129E1}.Release|ARM.Deploy.0 = Release|Any CPU
		{500EC922-9541-4F0C-8496-A0875F7129E1}.Release|iPhone.ActiveCfg = Release|Any CPU
		{500EC922-9541-4F0C-8496-A0875F7129E1}.Release|iPhone.Build.0 = Release|Any CPU
		{500EC922-9541-4F0C-8496-A0875F7129E1}.Release|iPhone.Deploy.0 = Release|Any CPU
		{500EC922-9541-4F0C-8496-A0875F7129E1}.Release|iPhoneSimulator.ActiveCfg = Release|Any CPU
		{500EC922-9541-4F0C-8496-A0875F7129E1}.Release|iPhoneSimulator.Build.0 = Release|Any CPU
		{500EC922-9541-4F0C-8496-A0875F7129E1}.Release|iPhoneSimulator.Deploy.0 = Release|Any CPU
		{500EC922-9541-4F0C-8496-A0875F7129E1}.Release|x64.ActiveCfg = Release|Any CPU
		{500EC922-9541-4F0C-8496-A0875F7129E1}.Release|x64.Build.0 = Release|Any CPU
		{500EC922-9541-4F0C-8496-A0875F7129E1}.Release|x64.Deploy.0 = Release|Any CPU
		{500EC922-9541-4F0C-8496-A0875F7129E1}.Release|x86.ActiveCfg = Release|Any CPU
		{500EC922-9541-4F0C-8496-A0875F7129E1}.Release|x86.Build.0 = Release|Any CPU
		{500EC922-9541-4F0C-8496-A0875F7129E1}.Release|x86.Deploy.0 = Release|Any CPU
		{D39A23B1-BE71-4BB4-9CC1-E8D0337D67BA}.Debug|Any CPU.ActiveCfg = Debug|iPhoneSimulator
		{D39A23B1-BE71-4BB4-9CC1-E8D0337D67BA}.Debug|Any CPU.Build.0 = Debug|iPhoneSimulator
		{D39A23B1-BE71-4BB4-9CC1-E8D0337D67BA}.Debug|Any CPU.Deploy.0 = Debug|iPhoneSimulator
		{D39A23B1-BE71-4BB4-9CC1-E8D0337D67BA}.Debug|ARM.ActiveCfg = Debug|iPhoneSimulator
		{D39A23B1-BE71-4BB4-9CC1-E8D0337D67BA}.Debug|ARM.Build.0 = Debug|iPhoneSimulator
		{D39A23B1-BE71-4BB4-9CC1-E8D0337D67BA}.Debug|ARM.Deploy.0 = Debug|iPhoneSimulator
		{D39A23B1-BE71-4BB4-9CC1-E8D0337D67BA}.Debug|iPhone.ActiveCfg = Debug|iPhone
		{D39A23B1-BE71-4BB4-9CC1-E8D0337D67BA}.Debug|iPhone.Build.0 = Debug|iPhone
		{D39A23B1-BE71-4BB4-9CC1-E8D0337D67BA}.Debug|iPhone.Deploy.0 = Debug|iPhone
		{D39A23B1-BE71-4BB4-9CC1-E8D0337D67BA}.Debug|iPhoneSimulator.ActiveCfg = Debug|iPhoneSimulator
		{D39A23B1-BE71-4BB4-9CC1-E8D0337D67BA}.Debug|iPhoneSimulator.Build.0 = Debug|iPhoneSimulator
		{D39A23B1-BE71-4BB4-9CC1-E8D0337D67BA}.Debug|iPhoneSimulator.Deploy.0 = Debug|iPhoneSimulator
		{D39A23B1-BE71-4BB4-9CC1-E8D0337D67BA}.Debug|x64.ActiveCfg = Debug|iPhone
		{D39A23B1-BE71-4BB4-9CC1-E8D0337D67BA}.Debug|x64.Build.0 = Debug|iPhone
		{D39A23B1-BE71-4BB4-9CC1-E8D0337D67BA}.Debug|x64.Deploy.0 = Debug|iPhone
		{D39A23B1-BE71-4BB4-9CC1-E8D0337D67BA}.Debug|x86.ActiveCfg = Debug|iPhoneSimulator
		{D39A23B1-BE71-4BB4-9CC1-E8D0337D67BA}.Debug|x86.Build.0 = Debug|iPhoneSimulator
		{D39A23B1-BE71-4BB4-9CC1-E8D0337D67BA}.Debug|x86.Deploy.0 = Debug|iPhoneSimulator
		{D39A23B1-BE71-4BB4-9CC1-E8D0337D67BA}.Release|Any CPU.ActiveCfg = Release|iPhoneSimulator
		{D39A23B1-BE71-4BB4-9CC1-E8D0337D67BA}.Release|Any CPU.Build.0 = Release|iPhoneSimulator
		{D39A23B1-BE71-4BB4-9CC1-E8D0337D67BA}.Release|Any CPU.Deploy.0 = Release|iPhoneSimulator
		{D39A23B1-BE71-4BB4-9CC1-E8D0337D67BA}.Release|ARM.ActiveCfg = Release|iPhoneSimulator
		{D39A23B1-BE71-4BB4-9CC1-E8D0337D67BA}.Release|ARM.Build.0 = Release|iPhoneSimulator
		{D39A23B1-BE71-4BB4-9CC1-E8D0337D67BA}.Release|ARM.Deploy.0 = Release|iPhoneSimulator
		{D39A23B1-BE71-4BB4-9CC1-E8D0337D67BA}.Release|iPhone.ActiveCfg = Release|iPhone
		{D39A23B1-BE71-4BB4-9CC1-E8D0337D67BA}.Release|iPhone.Build.0 = Release|iPhone
		{D39A23B1-BE71-4BB4-9CC1-E8D0337D67BA}.Release|iPhone.Deploy.0 = Release|iPhone
		{D39A23B1-BE71-4BB4-9CC1-E8D0337D67BA}.Release|iPhoneSimulator.ActiveCfg = Release|iPhoneSimulator
		{D39A23B1-BE71-4BB4-9CC1-E8D0337D67BA}.Release|iPhoneSimulator.Build.0 = Release|iPhoneSimulator
		{D39A23B1-BE71-4BB4-9CC1-E8D0337D67BA}.Release|iPhoneSimulator.Deploy.0 = Release|iPhoneSimulator
		{D39A23B1-BE71-4BB4-9CC1-E8D0337D67BA}.Release|x64.ActiveCfg = Release|iPhoneSimulator
		{D39A23B1-BE71-4BB4-9CC1-E8D0337D67BA}.Release|x64.Build.0 = Release|iPhoneSimulator
		{D39A23B1-BE71-4BB4-9CC1-E8D0337D67BA}.Release|x64.Deploy.0 = Release|iPhoneSimulator
		{D39A23B1-BE71-4BB4-9CC1-E8D0337D67BA}.Release|x86.ActiveCfg = Release|iPhoneSimulator
		{D39A23B1-BE71-4BB4-9CC1-E8D0337D67BA}.Release|x86.Build.0 = Release|iPhoneSimulator
		{D39A23B1-BE71-4BB4-9CC1-E8D0337D67BA}.Release|x86.Deploy.0 = Release|iPhoneSimulator
		{7A134FCF-C1C2-4C96-8135-B3BF5B0D9A1D}.Debug|Any CPU.ActiveCfg = Debug|Any CPU
		{7A134FCF-C1C2-4C96-8135-B3BF5B0D9A1D}.Debug|Any CPU.Build.0 = Debug|Any CPU
		{7A134FCF-C1C2-4C96-8135-B3BF5B0D9A1D}.Debug|Any CPU.Deploy.0 = Debug|Any CPU
		{7A134FCF-C1C2-4C96-8135-B3BF5B0D9A1D}.Debug|ARM.ActiveCfg = Debug|Any CPU
		{7A134FCF-C1C2-4C96-8135-B3BF5B0D9A1D}.Debug|ARM.Build.0 = Debug|Any CPU
		{7A134FCF-C1C2-4C96-8135-B3BF5B0D9A1D}.Debug|ARM.Deploy.0 = Debug|Any CPU
		{7A134FCF-C1C2-4C96-8135-B3BF5B0D9A1D}.Debug|iPhone.ActiveCfg = Debug|Any CPU
		{7A134FCF-C1C2-4C96-8135-B3BF5B0D9A1D}.Debug|iPhone.Build.0 = Debug|Any CPU
		{7A134FCF-C1C2-4C96-8135-B3BF5B0D9A1D}.Debug|iPhone.Deploy.0 = Debug|Any CPU
		{7A134FCF-C1C2-4C96-8135-B3BF5B0D9A1D}.Debug|iPhoneSimulator.ActiveCfg = Debug|Any CPU
		{7A134FCF-C1C2-4C96-8135-B3BF5B0D9A1D}.Debug|iPhoneSimulator.Build.0 = Debug|Any CPU
		{7A134FCF-C1C2-4C96-8135-B3BF5B0D9A1D}.Debug|iPhoneSimulator.Deploy.0 = Debug|Any CPU
		{7A134FCF-C1C2-4C96-8135-B3BF5B0D9A1D}.Debug|x64.ActiveCfg = Debug|Any CPU
		{7A134FCF-C1C2-4C96-8135-B3BF5B0D9A1D}.Debug|x64.Build.0 = Debug|Any CPU
		{7A134FCF-C1C2-4C96-8135-B3BF5B0D9A1D}.Debug|x64.Deploy.0 = Debug|Any CPU
		{7A134FCF-C1C2-4C96-8135-B3BF5B0D9A1D}.Debug|x86.ActiveCfg = Debug|Any CPU
		{7A134FCF-C1C2-4C96-8135-B3BF5B0D9A1D}.Debug|x86.Build.0 = Debug|Any CPU
		{7A134FCF-C1C2-4C96-8135-B3BF5B0D9A1D}.Debug|x86.Deploy.0 = Debug|Any CPU
		{7A134FCF-C1C2-4C96-8135-B3BF5B0D9A1D}.Release|Any CPU.ActiveCfg = Release|Any CPU
		{7A134FCF-C1C2-4C96-8135-B3BF5B0D9A1D}.Release|Any CPU.Build.0 = Release|Any CPU
		{7A134FCF-C1C2-4C96-8135-B3BF5B0D9A1D}.Release|Any CPU.Deploy.0 = Release|Any CPU
		{7A134FCF-C1C2-4C96-8135-B3BF5B0D9A1D}.Release|ARM.ActiveCfg = Release|Any CPU
		{7A134FCF-C1C2-4C96-8135-B3BF5B0D9A1D}.Release|ARM.Build.0 = Release|Any CPU
		{7A134FCF-C1C2-4C96-8135-B3BF5B0D9A1D}.Release|ARM.Deploy.0 = Release|Any CPU
		{7A134FCF-C1C2-4C96-8135-B3BF5B0D9A1D}.Release|iPhone.ActiveCfg = Release|Any CPU
		{7A134FCF-C1C2-4C96-8135-B3BF5B0D9A1D}.Release|iPhone.Build.0 = Release|Any CPU
		{7A134FCF-C1C2-4C96-8135-B3BF5B0D9A1D}.Release|iPhone.Deploy.0 = Release|Any CPU
		{7A134FCF-C1C2-4C96-8135-B3BF5B0D9A1D}.Release|iPhoneSimulator.ActiveCfg = Release|Any CPU
		{7A134FCF-C1C2-4C96-8135-B3BF5B0D9A1D}.Release|iPhoneSimulator.Build.0 = Release|Any CPU
		{7A134FCF-C1C2-4C96-8135-B3BF5B0D9A1D}.Release|iPhoneSimulator.Deploy.0 = Release|Any CPU
		{7A134FCF-C1C2-4C96-8135-B3BF5B0D9A1D}.Release|x64.ActiveCfg = Release|Any CPU
		{7A134FCF-C1C2-4C96-8135-B3BF5B0D9A1D}.Release|x64.Build.0 = Release|Any CPU
		{7A134FCF-C1C2-4C96-8135-B3BF5B0D9A1D}.Release|x64.Deploy.0 = Release|Any CPU
		{7A134FCF-C1C2-4C96-8135-B3BF5B0D9A1D}.Release|x86.ActiveCfg = Release|Any CPU
		{7A134FCF-C1C2-4C96-8135-B3BF5B0D9A1D}.Release|x86.Build.0 = Release|Any CPU
		{7A134FCF-C1C2-4C96-8135-B3BF5B0D9A1D}.Release|x86.Deploy.0 = Release|Any CPU
	EndGlobalSection
	GlobalSection(SolutionProperties) = preSolution
		HideSolutionNode = FALSE
	EndGlobalSection
	GlobalSection(ExtensibilityGlobals) = postSolution
		SolutionGuid = {CB31F147-EEEC-4AAF-A3D0-B6794AD0C89B}
	EndGlobalSection
EndGlobal
