
Microsoft Visual Studio Solution File, Format Version 12.00
# Visual Studio Version 16
VisualStudioVersion = 16.0.28803.156
MinimumVisualStudioVersion = 10.0.40219.1
Project("{FAE04EC0-301F-11D3-BF4B-00C04F79EFBC}") = "XFTestPlatformes.UWP", "XFTestPlatformes\XFTestPlatformes.UWP\XFTestPlatformes.UWP.csproj", "{3263FB99-B2A5-47D4-8DC0-B27ABAAEB442}"
EndProject
Project("{FAE04EC0-301F-11D3-BF4B-00C04F79EFBC}") = "XFTestPlatformes.Android", "XFTestPlatformes\XFTestPlatformes.Android\XFTestPlatformes.Android.csproj", "{4D37D65A-3B50-4C5F-93E9-01A816D0EC4A}"
EndProject
Project("{FAE04EC0-301F-11D3-BF4B-00C04F79EFBC}") = "XFTestPlatformes.iOS", "XFTestPlatformes\XFTestPlatformes.iOS\XFTestPlatformes.iOS.csproj", "{C14E4AF6-F01E-41AE-AD25-F50ACFBAEE34}"
EndProject
Project("{FAE04EC0-301F-11D3-BF4B-00C04F79EFBC}") = "XFTestPlatformes", "XFTestPlatformes\XFTestPlatformes\XFTestPlatformes.csproj", "{50992366-553F-495C-8864-2F09601371CD}"
EndProject
Project("{FAE04EC0-301F-11D3-BF4B-00C04F79EFBC}") = "XFTestPlatformes.WPF", "XFTestPlatformes\XFTestPlatformes.WPF\XFTestPlatformes.WPF.csproj", "{2BAFFF34-3E4B-4DAC-8D0A-C4F2159F73B2}"
EndProject
Project("{FAE04EC0-301F-11D3-BF4B-00C04F79EFBC}") = "XFTestPlatformes.MacOS", "XFTestPlatformes\XFTestPlatformes.MacOS\XFTestPlatformes.MacOS.csproj", "{B97A4AD2-5669-46A0-8FD1-1A09FEF292CD}"
EndProject
Global
	GlobalSection(SolutionConfigurationPlatforms) = preSolution
		Debug|Any CPU = Debug|Any CPU
		Debug|ARM = Debug|ARM
		Debug|iPhone = Debug|iPhone
		Debug|iPhoneSimulator = Debug|iPhoneSimulator
		Debug|x64 = Debug|x64
		Debug|x86 = Debug|x86
		Release|Any CPU = Release|Any CPU
		Release|ARM = Release|ARM
		Release|iPhone = Release|iPhone
		Release|iPhoneSimulator = Release|iPhoneSimulator
		Release|x64 = Release|x64
		Release|x86 = Release|x86
	EndGlobalSection
	GlobalSection(ProjectConfigurationPlatforms) = postSolution
		{3263FB99-B2A5-47D4-8DC0-B27ABAAEB442}.Debug|Any CPU.ActiveCfg = Debug|x86
		{3263FB99-B2A5-47D4-8DC0-B27ABAAEB442}.Debug|Any CPU.Build.0 = Debug|x86
		{3263FB99-B2A5-47D4-8DC0-B27ABAAEB442}.Debug|Any CPU.Deploy.0 = Debug|x86
		{3263FB99-B2A5-47D4-8DC0-B27ABAAEB442}.Debug|ARM.ActiveCfg = Debug|ARM
		{3263FB99-B2A5-47D4-8DC0-B27ABAAEB442}.Debug|ARM.Build.0 = Debug|ARM
		{3263FB99-B2A5-47D4-8DC0-B27ABAAEB442}.Debug|ARM.Deploy.0 = Debug|ARM
		{3263FB99-B2A5-47D4-8DC0-B27ABAAEB442}.Debug|iPhone.ActiveCfg = Debug|x86
		{3263FB99-B2A5-47D4-8DC0-B27ABAAEB442}.Debug|iPhone.Build.0 = Debug|x86
		{3263FB99-B2A5-47D4-8DC0-B27ABAAEB442}.Debug|iPhone.Deploy.0 = Debug|x86
		{3263FB99-B2A5-47D4-8DC0-B27ABAAEB442}.Debug|iPhoneSimulator.ActiveCfg = Debug|x86
		{3263FB99-B2A5-47D4-8DC0-B27ABAAEB442}.Debug|iPhoneSimulator.Build.0 = Debug|x86
		{3263FB99-B2A5-47D4-8DC0-B27ABAAEB442}.Debug|iPhoneSimulator.Deploy.0 = Debug|x86
		{3263FB99-B2A5-47D4-8DC0-B27ABAAEB442}.Debug|x64.ActiveCfg = Debug|x64
		{3263FB99-B2A5-47D4-8DC0-B27ABAAEB442}.Debug|x64.Build.0 = Debug|x64
		{3263FB99-B2A5-47D4-8DC0-B27ABAAEB442}.Debug|x64.Deploy.0 = Debug|x64
		{3263FB99-B2A5-47D4-8DC0-B27ABAAEB442}.Debug|x86.ActiveCfg = Debug|x86
		{3263FB99-B2A5-47D4-8DC0-B27ABAAEB442}.Debug|x86.Build.0 = Debug|x86
		{3263FB99-B2A5-47D4-8DC0-B27ABAAEB442}.Debug|x86.Deploy.0 = Debug|x86
		{3263FB99-B2A5-47D4-8DC0-B27ABAAEB442}.Release|Any CPU.ActiveCfg = Release|x86
		{3263FB99-B2A5-47D4-8DC0-B27ABAAEB442}.Release|Any CPU.Build.0 = Release|x86
		{3263FB99-B2A5-47D4-8DC0-B27ABAAEB442}.Release|Any CPU.Deploy.0 = Release|x86
		{3263FB99-B2A5-47D4-8DC0-B27ABAAEB442}.Release|ARM.ActiveCfg = Release|ARM
		{3263FB99-B2A5-47D4-8DC0-B27ABAAEB442}.Release|ARM.Build.0 = Release|ARM
		{3263FB99-B2A5-47D4-8DC0-B27ABAAEB442}.Release|ARM.Deploy.0 = Release|ARM
		{3263FB99-B2A5-47D4-8DC0-B27ABAAEB442}.Release|iPhone.ActiveCfg = Release|x86
		{3263FB99-B2A5-47D4-8DC0-B27ABAAEB442}.Release|iPhone.Build.0 = Release|x86
		{3263FB99-B2A5-47D4-8DC0-B27ABAAEB442}.Release|iPhone.Deploy.0 = Release|x86
		{3263FB99-B2A5-47D4-8DC0-B27ABAAEB442}.Release|iPhoneSimulator.ActiveCfg = Release|x86
		{3263FB99-B2A5-47D4-8DC0-B27ABAAEB442}.Release|iPhoneSimulator.Build.0 = Release|x86
		{3263FB99-B2A5-47D4-8DC0-B27ABAAEB442}.Release|iPhoneSimulator.Deploy.0 = Release|x86
		{3263FB99-B2A5-47D4-8DC0-B27ABAAEB442}.Release|x64.ActiveCfg = Release|x64
		{3263FB99-B2A5-47D4-8DC0-B27ABAAEB442}.Release|x64.Build.0 = Release|x64
		{3263FB99-B2A5-47D4-8DC0-B27ABAAEB442}.Release|x64.Deploy.0 = Release|x64
		{3263FB99-B2A5-47D4-8DC0-B27ABAAEB442}.Release|x86.ActiveCfg = Release|x86
		{3263FB99-B2A5-47D4-8DC0-B27ABAAEB442}.Release|x86.Build.0 = Release|x86
		{3263FB99-B2A5-47D4-8DC0-B27ABAAEB442}.Release|x86.Deploy.0 = Release|x86
		{4D37D65A-3B50-4C5F-93E9-01A816D0EC4A}.Debug|Any CPU.ActiveCfg = Debug|Any CPU
		{4D37D65A-3B50-4C5F-93E9-01A816D0EC4A}.Debug|Any CPU.Build.0 = Debug|Any CPU
		{4D37D65A-3B50-4C5F-93E9-01A816D0EC4A}.Debug|Any CPU.Deploy.0 = Debug|Any CPU
		{4D37D65A-3B50-4C5F-93E9-01A816D0EC4A}.Debug|ARM.ActiveCfg = Debug|Any CPU
		{4D37D65A-3B50-4C5F-93E9-01A816D0EC4A}.Debug|ARM.Build.0 = Debug|Any CPU
		{4D37D65A-3B50-4C5F-93E9-01A816D0EC4A}.Debug|ARM.Deploy.0 = Debug|Any CPU
		{4D37D65A-3B50-4C5F-93E9-01A816D0EC4A}.Debug|iPhone.ActiveCfg = Debug|Any CPU
		{4D37D65A-3B50-4C5F-93E9-01A816D0EC4A}.Debug|iPhone.Build.0 = Debug|Any CPU
		{4D37D65A-3B50-4C5F-93E9-01A816D0EC4A}.Debug|iPhone.Deploy.0 = Debug|Any CPU
		{4D37D65A-3B50-4C5F-93E9-01A816D0EC4A}.Debug|iPhoneSimulator.ActiveCfg = Debug|Any CPU
		{4D37D65A-3B50-4C5F-93E9-01A816D0EC4A}.Debug|iPhoneSimulator.Build.0 = Debug|Any CPU
		{4D37D65A-3B50-4C5F-93E9-01A816D0EC4A}.Debug|iPhoneSimulator.Deploy.0 = Debug|Any CPU
		{4D37D65A-3B50-4C5F-93E9-01A816D0EC4A}.Debug|x64.ActiveCfg = Debug|Any CPU
		{4D37D65A-3B50-4C5F-93E9-01A816D0EC4A}.Debug|x64.Build.0 = Debug|Any CPU
		{4D37D65A-3B50-4C5F-93E9-01A816D0EC4A}.Debug|x64.Deploy.0 = Debug|Any CPU
		{4D37D65A-3B50-4C5F-93E9-01A816D0EC4A}.Debug|x86.ActiveCfg = Debug|Any CPU
		{4D37D65A-3B50-4C5F-93E9-01A816D0EC4A}.Debug|x86.Build.0 = Debug|Any CPU
		{4D37D65A-3B50-4C5F-93E9-01A816D0EC4A}.Debug|x86.Deploy.0 = Debug|Any CPU
		{4D37D65A-3B50-4C5F-93E9-01A816D0EC4A}.Release|Any CPU.ActiveCfg = Release|Any CPU
		{4D37D65A-3B50-4C5F-93E9-01A816D0EC4A}.Release|Any CPU.Build.0 = Release|Any CPU
		{4D37D65A-3B50-4C5F-93E9-01A816D0EC4A}.Release|Any CPU.Deploy.0 = Release|Any CPU
		{4D37D65A-3B50-4C5F-93E9-01A816D0EC4A}.Release|ARM.ActiveCfg = Release|Any CPU
		{4D37D65A-3B50-4C5F-93E9-01A816D0EC4A}.Release|ARM.Build.0 = Release|Any CPU
		{4D37D65A-3B50-4C5F-93E9-01A816D0EC4A}.Release|ARM.Deploy.0 = Release|Any CPU
		{4D37D65A-3B50-4C5F-93E9-01A816D0EC4A}.Release|iPhone.ActiveCfg = Release|Any CPU
		{4D37D65A-3B50-4C5F-93E9-01A816D0EC4A}.Release|iPhone.Build.0 = Release|Any CPU
		{4D37D65A-3B50-4C5F-93E9-01A816D0EC4A}.Release|iPhone.Deploy.0 = Release|Any CPU
		{4D37D65A-3B50-4C5F-93E9-01A816D0EC4A}.Release|iPhoneSimulator.ActiveCfg = Release|Any CPU
		{4D37D65A-3B50-4C5F-93E9-01A816D0EC4A}.Release|iPhoneSimulator.Build.0 = Release|Any CPU
		{4D37D65A-3B50-4C5F-93E9-01A816D0EC4A}.Release|iPhoneSimulator.Deploy.0 = Release|Any CPU
		{4D37D65A-3B50-4C5F-93E9-01A816D0EC4A}.Release|x64.ActiveCfg = Release|Any CPU
		{4D37D65A-3B50-4C5F-93E9-01A816D0EC4A}.Release|x64.Build.0 = Release|Any CPU
		{4D37D65A-3B50-4C5F-93E9-01A816D0EC4A}.Release|x64.Deploy.0 = Release|Any CPU
		{4D37D65A-3B50-4C5F-93E9-01A816D0EC4A}.Release|x86.ActiveCfg = Release|Any CPU
		{4D37D65A-3B50-4C5F-93E9-01A816D0EC4A}.Release|x86.Build.0 = Release|Any CPU
		{4D37D65A-3B50-4C5F-93E9-01A816D0EC4A}.Release|x86.Deploy.0 = Release|Any CPU
		{C14E4AF6-F01E-41AE-AD25-F50ACFBAEE34}.Debug|Any CPU.ActiveCfg = Debug|iPhone
		{C14E4AF6-F01E-41AE-AD25-F50ACFBAEE34}.Debug|Any CPU.Build.0 = Debug|iPhone
		{C14E4AF6-F01E-41AE-AD25-F50ACFBAEE34}.Debug|Any CPU.Deploy.0 = Debug|iPhone
		{C14E4AF6-F01E-41AE-AD25-F50ACFBAEE34}.Debug|ARM.ActiveCfg = Debug|iPhoneSimulator
		{C14E4AF6-F01E-41AE-AD25-F50ACFBAEE34}.Debug|ARM.Build.0 = Debug|iPhoneSimulator
		{C14E4AF6-F01E-41AE-AD25-F50ACFBAEE34}.Debug|ARM.Deploy.0 = Debug|iPhoneSimulator
		{C14E4AF6-F01E-41AE-AD25-F50ACFBAEE34}.Debug|iPhone.ActiveCfg = Debug|iPhone
		{C14E4AF6-F01E-41AE-AD25-F50ACFBAEE34}.Debug|iPhone.Build.0 = Debug|iPhone
		{C14E4AF6-F01E-41AE-AD25-F50ACFBAEE34}.Debug|iPhone.Deploy.0 = Debug|iPhone
		{C14E4AF6-F01E-41AE-AD25-F50ACFBAEE34}.Debug|iPhoneSimulator.ActiveCfg = Debug|iPhoneSimulator
		{C14E4AF6-F01E-41AE-AD25-F50ACFBAEE34}.Debug|iPhoneSimulator.Build.0 = Debug|iPhoneSimulator
		{C14E4AF6-F01E-41AE-AD25-F50ACFBAEE34}.Debug|iPhoneSimulator.Deploy.0 = Debug|iPhoneSimulator
		{C14E4AF6-F01E-41AE-AD25-F50ACFBAEE34}.Debug|x64.ActiveCfg = Debug|iPhone
		{C14E4AF6-F01E-41AE-AD25-F50ACFBAEE34}.Debug|x64.Build.0 = Debug|iPhone
		{C14E4AF6-F01E-41AE-AD25-F50ACFBAEE34}.Debug|x64.Deploy.0 = Debug|iPhone
		{C14E4AF6-F01E-41AE-AD25-F50ACFBAEE34}.Debug|x86.ActiveCfg = Debug|iPhone
		{C14E4AF6-F01E-41AE-AD25-F50ACFBAEE34}.Debug|x86.Build.0 = Debug|iPhone
		{C14E4AF6-F01E-41AE-AD25-F50ACFBAEE34}.Debug|x86.Deploy.0 = Debug|iPhone
		{C14E4AF6-F01E-41AE-AD25-F50ACFBAEE34}.Release|Any CPU.ActiveCfg = Release|iPhone
		{C14E4AF6-F01E-41AE-AD25-F50ACFBAEE34}.Release|Any CPU.Build.0 = Release|iPhone
		{C14E4AF6-F01E-41AE-AD25-F50ACFBAEE34}.Release|Any CPU.Deploy.0 = Release|iPhone
		{C14E4AF6-F01E-41AE-AD25-F50ACFBAEE34}.Release|ARM.ActiveCfg = Release|iPhone
		{C14E4AF6-F01E-41AE-AD25-F50ACFBAEE34}.Release|ARM.Build.0 = Release|iPhone
		{C14E4AF6-F01E-41AE-AD25-F50ACFBAEE34}.Release|ARM.Deploy.0 = Release|iPhone
		{C14E4AF6-F01E-41AE-AD25-F50ACFBAEE34}.Release|iPhone.ActiveCfg = Release|iPhone
		{C14E4AF6-F01E-41AE-AD25-F50ACFBAEE34}.Release|iPhone.Build.0 = Release|iPhone
		{C14E4AF6-F01E-41AE-AD25-F50ACFBAEE34}.Release|iPhone.Deploy.0 = Release|iPhone
		{C14E4AF6-F01E-41AE-AD25-F50ACFBAEE34}.Release|iPhoneSimulator.ActiveCfg = Release|iPhoneSimulator
		{C14E4AF6-F01E-41AE-AD25-F50ACFBAEE34}.Release|iPhoneSimulator.Build.0 = Release|iPhoneSimulator
		{C14E4AF6-F01E-41AE-AD25-F50ACFBAEE34}.Release|iPhoneSimulator.Deploy.0 = Release|iPhoneSimulator
		{C14E4AF6-F01E-41AE-AD25-F50ACFBAEE34}.Release|x64.ActiveCfg = Release|iPhone
		{C14E4AF6-F01E-41AE-AD25-F50ACFBAEE34}.Release|x64.Build.0 = Release|iPhone
		{C14E4AF6-F01E-41AE-AD25-F50ACFBAEE34}.Release|x64.Deploy.0 = Release|iPhone
		{C14E4AF6-F01E-41AE-AD25-F50ACFBAEE34}.Release|x86.ActiveCfg = Release|iPhone
		{C14E4AF6-F01E-41AE-AD25-F50ACFBAEE34}.Release|x86.Build.0 = Release|iPhone
		{C14E4AF6-F01E-41AE-AD25-F50ACFBAEE34}.Release|x86.Deploy.0 = Release|iPhone
		{50992366-553F-495C-8864-2F09601371CD}.Debug|Any CPU.ActiveCfg = Debug|Any CPU
		{50992366-553F-495C-8864-2F09601371CD}.Debug|Any CPU.Build.0 = Debug|Any CPU
		{50992366-553F-495C-8864-2F09601371CD}.Debug|Any CPU.Deploy.0 = Debug|Any CPU
		{50992366-553F-495C-8864-2F09601371CD}.Debug|ARM.ActiveCfg = Debug|Any CPU
		{50992366-553F-495C-8864-2F09601371CD}.Debug|ARM.Build.0 = Debug|Any CPU
		{50992366-553F-495C-8864-2F09601371CD}.Debug|ARM.Deploy.0 = Debug|Any CPU
		{50992366-553F-495C-8864-2F09601371CD}.Debug|iPhone.ActiveCfg = Debug|Any CPU
		{50992366-553F-495C-8864-2F09601371CD}.Debug|iPhone.Build.0 = Debug|Any CPU
		{50992366-553F-495C-8864-2F09601371CD}.Debug|iPhone.Deploy.0 = Debug|Any CPU
		{50992366-553F-495C-8864-2F09601371CD}.Debug|iPhoneSimulator.ActiveCfg = Debug|Any CPU
		{50992366-553F-495C-8864-2F09601371CD}.Debug|iPhoneSimulator.Build.0 = Debug|Any CPU
		{50992366-553F-495C-8864-2F09601371CD}.Debug|iPhoneSimulator.Deploy.0 = Debug|Any CPU
		{50992366-553F-495C-8864-2F09601371CD}.Debug|x64.ActiveCfg = Debug|Any CPU
		{50992366-553F-495C-8864-2F09601371CD}.Debug|x64.Build.0 = Debug|Any CPU
		{50992366-553F-495C-8864-2F09601371CD}.Debug|x64.Deploy.0 = Debug|Any CPU
		{50992366-553F-495C-8864-2F09601371CD}.Debug|x86.ActiveCfg = Debug|Any CPU
		{50992366-553F-495C-8864-2F09601371CD}.Debug|x86.Build.0 = Debug|Any CPU
		{50992366-553F-495C-8864-2F09601371CD}.Debug|x86.Deploy.0 = Debug|Any CPU
		{50992366-553F-495C-8864-2F09601371CD}.Release|Any CPU.ActiveCfg = Release|Any CPU
		{50992366-553F-495C-8864-2F09601371CD}.Release|Any CPU.Build.0 = Release|Any CPU
		{50992366-553F-495C-8864-2F09601371CD}.Release|Any CPU.Deploy.0 = Release|Any CPU
		{50992366-553F-495C-8864-2F09601371CD}.Release|ARM.ActiveCfg = Release|Any CPU
		{50992366-553F-495C-8864-2F09601371CD}.Release|ARM.Build.0 = Release|Any CPU
		{50992366-553F-495C-8864-2F09601371CD}.Release|ARM.Deploy.0 = Release|Any CPU
		{50992366-553F-495C-8864-2F09601371CD}.Release|iPhone.ActiveCfg = Release|Any CPU
		{50992366-553F-495C-8864-2F09601371CD}.Release|iPhone.Build.0 = Release|Any CPU
		{50992366-553F-495C-8864-2F09601371CD}.Release|iPhone.Deploy.0 = Release|Any CPU
		{50992366-553F-495C-8864-2F09601371CD}.Release|iPhoneSimulator.ActiveCfg = Release|Any CPU
		{50992366-553F-495C-8864-2F09601371CD}.Release|iPhoneSimulator.Build.0 = Release|Any CPU
		{50992366-553F-495C-8864-2F09601371CD}.Release|iPhoneSimulator.Deploy.0 = Release|Any CPU
		{50992366-553F-495C-8864-2F09601371CD}.Release|x64.ActiveCfg = Release|Any CPU
		{50992366-553F-495C-8864-2F09601371CD}.Release|x64.Build.0 = Release|Any CPU
		{50992366-553F-495C-8864-2F09601371CD}.Release|x64.Deploy.0 = Release|Any CPU
		{50992366-553F-495C-8864-2F09601371CD}.Release|x86.ActiveCfg = Release|Any CPU
		{50992366-553F-495C-8864-2F09601371CD}.Release|x86.Build.0 = Release|Any CPU
		{50992366-553F-495C-8864-2F09601371CD}.Release|x86.Deploy.0 = Release|Any CPU
		{2BAFFF34-3E4B-4DAC-8D0A-C4F2159F73B2}.Debug|Any CPU.ActiveCfg = Debug|Any CPU
		{2BAFFF34-3E4B-4DAC-8D0A-C4F2159F73B2}.Debug|Any CPU.Build.0 = Debug|Any CPU
		{2BAFFF34-3E4B-4DAC-8D0A-C4F2159F73B2}.Debug|ARM.ActiveCfg = Debug|Any CPU
		{2BAFFF34-3E4B-4DAC-8D0A-C4F2159F73B2}.Debug|ARM.Build.0 = Debug|Any CPU
		{2BAFFF34-3E4B-4DAC-8D0A-C4F2159F73B2}.Debug|iPhone.ActiveCfg = Debug|Any CPU
		{2BAFFF34-3E4B-4DAC-8D0A-C4F2159F73B2}.Debug|iPhone.Build.0 = Debug|Any CPU
		{2BAFFF34-3E4B-4DAC-8D0A-C4F2159F73B2}.Debug|iPhoneSimulator.ActiveCfg = Debug|Any CPU
		{2BAFFF34-3E4B-4DAC-8D0A-C4F2159F73B2}.Debug|iPhoneSimulator.Build.0 = Debug|Any CPU
		{2BAFFF34-3E4B-4DAC-8D0A-C4F2159F73B2}.Debug|x64.ActiveCfg = Debug|Any CPU
		{2BAFFF34-3E4B-4DAC-8D0A-C4F2159F73B2}.Debug|x64.Build.0 = Debug|Any CPU
		{2BAFFF34-3E4B-4DAC-8D0A-C4F2159F73B2}.Debug|x86.ActiveCfg = Debug|Any CPU
		{2BAFFF34-3E4B-4DAC-8D0A-C4F2159F73B2}.Debug|x86.Build.0 = Debug|Any CPU
		{2BAFFF34-3E4B-4DAC-8D0A-C4F2159F73B2}.Release|Any CPU.ActiveCfg = Release|Any CPU
		{2BAFFF34-3E4B-4DAC-8D0A-C4F2159F73B2}.Release|Any CPU.Build.0 = Release|Any CPU
		{2BAFFF34-3E4B-4DAC-8D0A-C4F2159F73B2}.Release|ARM.ActiveCfg = Release|Any CPU
		{2BAFFF34-3E4B-4DAC-8D0A-C4F2159F73B2}.Release|ARM.Build.0 = Release|Any CPU
		{2BAFFF34-3E4B-4DAC-8D0A-C4F2159F73B2}.Release|iPhone.ActiveCfg = Release|Any CPU
		{2BAFFF34-3E4B-4DAC-8D0A-C4F2159F73B2}.Release|iPhone.Build.0 = Release|Any CPU
		{2BAFFF34-3E4B-4DAC-8D0A-C4F2159F73B2}.Release|iPhoneSimulator.ActiveCfg = Release|Any CPU
		{2BAFFF34-3E4B-4DAC-8D0A-C4F2159F73B2}.Release|iPhoneSimulator.Build.0 = Release|Any CPU
		{2BAFFF34-3E4B-4DAC-8D0A-C4F2159F73B2}.Release|x64.ActiveCfg = Release|Any CPU
		{2BAFFF34-3E4B-4DAC-8D0A-C4F2159F73B2}.Release|x64.Build.0 = Release|Any CPU
		{2BAFFF34-3E4B-4DAC-8D0A-C4F2159F73B2}.Release|x86.ActiveCfg = Release|Any CPU
		{2BAFFF34-3E4B-4DAC-8D0A-C4F2159F73B2}.Release|x86.Build.0 = Release|Any CPU
		{B97A4AD2-5669-46A0-8FD1-1A09FEF292CD}.Debug|Any CPU.ActiveCfg = Debug|Any CPU
		{B97A4AD2-5669-46A0-8FD1-1A09FEF292CD}.Debug|Any CPU.Build.0 = Debug|Any CPU
		{B97A4AD2-5669-46A0-8FD1-1A09FEF292CD}.Debug|ARM.ActiveCfg = Debug|Any CPU
		{B97A4AD2-5669-46A0-8FD1-1A09FEF292CD}.Debug|ARM.Build.0 = Debug|Any CPU
		{B97A4AD2-5669-46A0-8FD1-1A09FEF292CD}.Debug|iPhone.ActiveCfg = Debug|Any CPU
		{B97A4AD2-5669-46A0-8FD1-1A09FEF292CD}.Debug|iPhone.Build.0 = Debug|Any CPU
		{B97A4AD2-5669-46A0-8FD1-1A09FEF292CD}.Debug|iPhoneSimulator.ActiveCfg = Debug|Any CPU
		{B97A4AD2-5669-46A0-8FD1-1A09FEF292CD}.Debug|iPhoneSimulator.Build.0 = Debug|Any CPU
		{B97A4AD2-5669-46A0-8FD1-1A09FEF292CD}.Debug|x64.ActiveCfg = Debug|Any CPU
		{B97A4AD2-5669-46A0-8FD1-1A09FEF292CD}.Debug|x64.Build.0 = Debug|Any CPU
		{B97A4AD2-5669-46A0-8FD1-1A09FEF292CD}.Debug|x86.ActiveCfg = Debug|Any CPU
		{B97A4AD2-5669-46A0-8FD1-1A09FEF292CD}.Debug|x86.Build.0 = Debug|Any CPU
		{B97A4AD2-5669-46A0-8FD1-1A09FEF292CD}.Release|Any CPU.ActiveCfg = Release|Any CPU
		{B97A4AD2-5669-46A0-8FD1-1A09FEF292CD}.Release|Any CPU.Build.0 = Release|Any CPU
		{B97A4AD2-5669-46A0-8FD1-1A09FEF292CD}.Release|ARM.ActiveCfg = Release|Any CPU
		{B97A4AD2-5669-46A0-8FD1-1A09FEF292CD}.Release|ARM.Build.0 = Release|Any CPU
		{B97A4AD2-5669-46A0-8FD1-1A09FEF292CD}.Release|iPhone.ActiveCfg = Release|Any CPU
		{B97A4AD2-5669-46A0-8FD1-1A09FEF292CD}.Release|iPhone.Build.0 = Release|Any CPU
		{B97A4AD2-5669-46A0-8FD1-1A09FEF292CD}.Release|iPhoneSimulator.ActiveCfg = Release|Any CPU
		{B97A4AD2-5669-46A0-8FD1-1A09FEF292CD}.Release|iPhoneSimulator.Build.0 = Release|Any CPU
		{B97A4AD2-5669-46A0-8FD1-1A09FEF292CD}.Release|x64.ActiveCfg = Release|Any CPU
		{B97A4AD2-5669-46A0-8FD1-1A09FEF292CD}.Release|x64.Build.0 = Release|Any CPU
		{B97A4AD2-5669-46A0-8FD1-1A09FEF292CD}.Release|x86.ActiveCfg = Release|Any CPU
		{B97A4AD2-5669-46A0-8FD1-1A09FEF292CD}.Release|x86.Build.0 = Release|Any CPU
	EndGlobalSection
	GlobalSection(SolutionProperties) = preSolution
		HideSolutionNode = FALSE
	EndGlobalSection
	GlobalSection(ExtensibilityGlobals) = postSolution
		SolutionGuid = {23699E3C-E381-419F-8AEC-4CB6D224C4AF}
	EndGlobalSection
EndGlobal
